
Microsoft Visual Studio Solution File, Format Version 12.00
# Visual Studio Version 16
VisualStudioVersion = 16.0.30320.27
MinimumVisualStudioVersion = 10.0.40219.1
Project("{F184B08F-C81C-45F6-A57F-5ABD9991F28F}") = "TestMVC", "TestMVC.vbproj", "{822B931D-C9D5-4291-99CD-EC5F5B190CDD}"
EndProject
Global
	GlobalSection(SolutionConfigurationPlatforms) = preSolution
		Debug|Any CPU = Debug|Any CPU
		Release|Any CPU = Release|Any CPU
	EndGlobalSection
	GlobalSection(ProjectConfigurationPlatforms) = postSolution
		{822B931D-C9D5-4291-99CD-EC5F5B190CDD}.Debug|Any CPU.ActiveCfg = Debug|Any CPU
		{822B931D-C9D5-4291-99CD-EC5F5B190CDD}.Debug|Any CPU.Build.0 = Debug|Any CPU
		{822B931D-C9D5-4291-99CD-EC5F5B190CDD}.Release|Any CPU.ActiveCfg = Release|Any CPU
		{822B931D-C9D5-4291-99CD-EC5F5B190CDD}.Release|Any CPU.Build.0 = Release|Any CPU
	EndGlobalSection
	GlobalSection(SolutionProperties) = preSolution
		HideSolutionNode = FALSE
	EndGlobalSection
	GlobalSection(ExtensibilityGlobals) = postSolution
		SolutionGuid = {9439A389-64C2-4D58-A4BE-ACDA895D70AC}
	EndGlobalSection
EndGlobal
